// !$*UTF8*$!
{
	archiveVersion = 1;
	classes = {
	};
	objectVersion = 56;
	objects = {

/* Begin PBXBuildFile section */
		CE19334329C1C676007CBF39 /* TableViewCell.swift in Sources */ = {isa = PBXBuildFile; fileRef = CE19334129C1C676007CBF39 /* TableViewCell.swift */; };
		CE19334429C1C676007CBF39 /* TableViewCell.xib in Resources */ = {isa = PBXBuildFile; fileRef = CE19334229C1C676007CBF39 /* TableViewCell.xib */; };
		CEEBCC7F29C089CF00231FE8 /* AppDelegate.swift in Sources */ = {isa = PBXBuildFile; fileRef = CEEBCC7E29C089CF00231FE8 /* AppDelegate.swift */; };
		CEEBCC8129C089CF00231FE8 /* SceneDelegate.swift in Sources */ = {isa = PBXBuildFile; fileRef = CEEBCC8029C089CF00231FE8 /* SceneDelegate.swift */; };
		CEEBCC8329C089CF00231FE8 /* ViewController.swift in Sources */ = {isa = PBXBuildFile; fileRef = CEEBCC8229C089CF00231FE8 /* ViewController.swift */; };
		CEEBCC8629C089CF00231FE8 /* Main.storyboard in Resources */ = {isa = PBXBuildFile; fileRef = CEEBCC8429C089CF00231FE8 /* Main.storyboard */; };
		CEEBCC8829C089D000231FE8 /* Assets.xcassets in Resources */ = {isa = PBXBuildFile; fileRef = CEEBCC8729C089D000231FE8 /* Assets.xcassets */; };
		CEEBCC8B29C089D000231FE8 /* LaunchScreen.storyboard in Resources */ = {isa = PBXBuildFile; fileRef = CEEBCC8929C089D000231FE8 /* LaunchScreen.storyboard */; };
		CEEF30EC29C2DA0E001E79BC /* ContactsEnum.swift in Sources */ = {isa = PBXBuildFile; fileRef = CEEF30EB29C2DA0E001E79BC /* ContactsEnum.swift */; };
/* End PBXBuildFile section */

/* Begin PBXFileReference section */
		CE19334129C1C676007CBF39 /* TableViewCell.swift */ = {isa = PBXFileReference; lastKnownFileType = sourcecode.swift; path = TableViewCell.swift; sourceTree = "<group>"; };
		CE19334229C1C676007CBF39 /* TableViewCell.xib */ = {isa = PBXFileReference; lastKnownFileType = file.xib; path = TableViewCell.xib; sourceTree = "<group>"; };
		CEEBCC7B29C089CF00231FE8 /* GetContacts.app */ = {isa = PBXFileReference; explicitFileType = wrapper.application; includeInIndex = 0; path = GetContacts.app; sourceTree = BUILT_PRODUCTS_DIR; };
		CEEBCC7E29C089CF00231FE8 /* AppDelegate.swift */ = {isa = PBXFileReference; lastKnownFileType = sourcecode.swift; path = AppDelegate.swift; sourceTree = "<group>"; };
		CEEBCC8029C089CF00231FE8 /* SceneDelegate.swift */ = {isa = PBXFileReference; lastKnownFileType = sourcecode.swift; path = SceneDelegate.swift; sourceTree = "<group>"; };
		CEEBCC8229C089CF00231FE8 /* ViewController.swift */ = {isa = PBXFileReference; lastKnownFileType = sourcecode.swift; path = ViewController.swift; sourceTree = "<group>"; };
		CEEBCC8529C089CF00231FE8 /* Base */ = {isa = PBXFileReference; lastKnownFileType = file.storyboard; name = Base; path = Base.lproj/Main.storyboard; sourceTree = "<group>"; };
		CEEBCC8729C089D000231FE8 /* Assets.xcassets */ = {isa = PBXFileReference; lastKnownFileType = folder.assetcatalog; path = Assets.xcassets; sourceTree = "<group>"; };
		CEEBCC8A29C089D000231FE8 /* Base */ = {isa = PBXFileReference; lastKnownFileType = file.storyboard; name = Base; path = Base.lproj/LaunchScreen.storyboard; sourceTree = "<group>"; };
		CEEBCC8C29C089D000231FE8 /* Info.plist */ = {isa = PBXFileReference; lastKnownFileType = text.plist.xml; path = Info.plist; sourceTree = "<group>"; };
		CEEF30EB29C2DA0E001E79BC /* ContactsEnum.swift */ = {isa = PBXFileReference; lastKnownFileType = sourcecode.swift; path = ContactsEnum.swift; sourceTree = "<group>"; };
/* End PBXFileReference section */

/* Begin PBXFrameworksBuildPhase section */
		CEEBCC7829C089CF00231FE8 /* Frameworks */ = {
			isa = PBXFrameworksBuildPhase;
			buildActionMask = 2147483647;
			files = (
			);
			runOnlyForDeploymentPostprocessing = 0;
		};
/* End PBXFrameworksBuildPhase section */

/* Begin PBXGroup section */
		CEEBCC7229C089CF00231FE8 = {
			isa = PBXGroup;
			children = (
				CEEBCC7D29C089CF00231FE8 /* GetContacts */,
				CEEBCC7C29C089CF00231FE8 /* Products */,
			);
			sourceTree = "<group>";
		};
		CEEBCC7C29C089CF00231FE8 /* Products */ = {
			isa = PBXGroup;
			children = (
				CEEBCC7B29C089CF00231FE8 /* GetContacts.app */,
			);
			name = Products;
			sourceTree = "<group>";
		};
		CEEBCC7D29C089CF00231FE8 /* GetContacts */ = {
			isa = PBXGroup;
			children = (
				CEEBCC7E29C089CF00231FE8 /* AppDelegate.swift */,
				CEEBCC8029C089CF00231FE8 /* SceneDelegate.swift */,
				CEEBCC8229C089CF00231FE8 /* ViewController.swift */,
				CEEBCC8429C089CF00231FE8 /* Main.storyboard */,
				CEEBCC8729C089D000231FE8 /* Assets.xcassets */,
				CEEBCC8929C089D000231FE8 /* LaunchScreen.storyboard */,
				CEEBCC8C29C089D000231FE8 /* Info.plist */,
				CE19334129C1C676007CBF39 /* TableViewCell.swift */,
				CE19334229C1C676007CBF39 /* TableViewCell.xib */,
				CEEF30EB29C2DA0E001E79BC /* ContactsEnum.swift */,
			);
			path = GetContacts;
			sourceTree = "<group>";
		};
/* End PBXGroup section */

/* Begin PBXNativeTarget section */
		CEEBCC7A29C089CF00231FE8 /* GetContacts */ = {
			isa = PBXNativeTarget;
			buildConfigurationList = CEEBCC8F29C089D000231FE8 /* Build configuration list for PBXNativeTarget "GetContacts" */;
			buildPhases = (
				CEEBCC7729C089CF00231FE8 /* Sources */,
				CEEBCC7829C089CF00231FE8 /* Frameworks */,
				CEEBCC7929C089CF00231FE8 /* Resources */,
			);
			buildRules = (
			);
			dependencies = (
			);
			name = GetContacts;
			productName = GetContacts;
			productReference = CEEBCC7B29C089CF00231FE8 /* GetContacts.app */;
			productType = "com.apple.product-type.application";
		};
/* End PBXNativeTarget section */

/* Begin PBXProject section */
		CEEBCC7329C089CF00231FE8 /* Project object */ = {
			isa = PBXProject;
			attributes = {
				BuildIndependentTargetsInParallel = 1;
				LastSwiftUpdateCheck = 1420;
				LastUpgradeCheck = 1420;
				TargetAttributes = {
					CEEBCC7A29C089CF00231FE8 = {
						CreatedOnToolsVersion = 14.2;
					};
				};
			};
			buildConfigurationList = CEEBCC7629C089CF00231FE8 /* Build configuration list for PBXProject "GetContacts" */;
			compatibilityVersion = "Xcode 14.0";
			developmentRegion = en;
			hasScannedForEncodings = 0;
			knownRegions = (
				en,
				Base,
			);
			mainGroup = CEEBCC7229C089CF00231FE8;
			productRefGroup = CEEBCC7C29C089CF00231FE8 /* Products */;
			projectDirPath = "";
			projectRoot = "";
			targets = (
				CEEBCC7A29C089CF00231FE8 /* GetContacts */,
			);
		};
/* End PBXProject section */

/* Begin PBXResourcesBuildPhase section */
		CEEBCC7929C089CF00231FE8 /* Resources */ = {
			isa = PBXResourcesBuildPhase;
			buildActionMask = 2147483647;
			files = (
				CEEBCC8B29C089D000231FE8 /* LaunchScreen.storyboard in Resources */,
				CE19334429C1C676007CBF39 /* TableViewCell.xib in Resources */,
				CEEBCC8829C089D000231FE8 /* Assets.xcassets in Resources */,
				CEEBCC8629C089CF00231FE8 /* Main.storyboard in Resources */,
			);
			runOnlyForDeploymentPostprocessing = 0;
		};
/* End PBXResourcesBuildPhase section */

/* Begin PBXSourcesBuildPhase section */
		CEEBCC7729C089CF00231FE8 /* Sources */ = {
			isa = PBXSourcesBuildPhase;
			buildActionMask = 2147483647;
			files = (
				CEEBCC8329C089CF00231FE8 /* ViewController.swift in Sources */,
				CE19334329C1C676007CBF39 /* TableViewCell.swift in Sources */,
				CEEBCC7F29C089CF00231FE8 /* AppDelegate.swift in Sources */,
				CEEF30EC29C2DA0E001E79BC /* ContactsEnum.swift in Sources */,
				CEEBCC8129C089CF00231FE8 /* SceneDelegate.swift in Sources */,
			);
			runOnlyForDeploymentPostprocessing = 0;
		};
/* End PBXSourcesBuildPhase section */

/* Begin PBXVariantGroup section */
		CEEBCC8429C089CF00231FE8 /* Main.storyboard */ = {
			isa = PBXVariantGroup;
			children = (
				CEEBCC8529C089CF00231FE8 /* Base */,
			);
			name = Main.storyboard;
			sourceTree = "<group>";
		};
		CEEBCC8929C089D000231FE8 /* LaunchScreen.storyboard */ = {
			isa = PBXVariantGroup;
			children = (
				CEEBCC8A29C089D000231FE8 /* Base */,
			);
			name = LaunchScreen.storyboard;
			sourceTree = "<group>";
		};
/* End PBXVariantGroup section */

/* Begin XCBuildConfiguration section */
		CEEBCC8D29C089D000231FE8 /* Debug */ = {
			isa = XCBuildConfiguration;
			buildSettings = {
				ALWAYS_SEARCH_USER_PATHS = NO;
				CLANG_ANALYZER_NONNULL = YES;
				CLANG_ANALYZER_NUMBER_OBJECT_CONVERSION = YES_AGGRESSIVE;
				CLANG_CXX_LANGUAGE_STANDARD = "gnu++20";
				CLANG_ENABLE_MODULES = YES;
				CLANG_ENABLE_OBJC_ARC = YES;
				CLANG_ENABLE_OBJC_WEAK = YES;
				CLANG_WARN_BLOCK_CAPTURE_AUTORELEASING = YES;
				CLANG_WARN_BOOL_CONVERSION = YES;
				CLANG_WARN_COMMA = YES;
				CLANG_WARN_CONSTANT_CONVERSION = YES;
				CLANG_WARN_DEPRECATED_OBJC_IMPLEMENTATIONS = YES;
				CLANG_WARN_DIRECT_OBJC_ISA_USAGE = YES_ERROR;
				CLANG_WARN_DOCUMENTATION_COMMENTS = YES;
				CLANG_WARN_EMPTY_BODY = YES;
				CLANG_WARN_ENUM_CONVERSION = YES;
				CLANG_WARN_INFINITE_RECURSION = YES;
				CLANG_WARN_INT_CONVERSION = YES;
				CLANG_WARN_NON_LITERAL_NULL_CONVERSION = YES;
				CLANG_WARN_OBJC_IMPLICIT_RETAIN_SELF = YES;
				CLANG_WARN_OBJC_LITERAL_CONVERSION = YES;
				CLANG_WARN_OBJC_ROOT_CLASS = YES_ERROR;
				CLANG_WARN_QUOTED_INCLUDE_IN_FRAMEWORK_HEADER = YES;
				CLANG_WARN_RANGE_LOOP_ANALYSIS = YES;
				CLANG_WARN_STRICT_PROTOTYPES = YES;
				CLANG_WARN_SUSPICIOUS_MOVE = YES;
				CLANG_WARN_UNGUARDED_AVAILABILITY = YES_AGGRESSIVE;
				CLANG_WARN_UNREACHABLE_CODE = YES;
				CLANG_WARN__DUPLICATE_METHOD_MATCH = YES;
				COPY_PHASE_STRIP = NO;
				DEBUG_INFORMATION_FORMAT = dwarf;
				ENABLE_STRICT_OBJC_MSGSEND = YES;
				ENABLE_TESTABILITY = YES;
				GCC_C_LANGUAGE_STANDARD = gnu11;
				GCC_DYNAMIC_NO_PIC = NO;
				GCC_NO_COMMON_BLOCKS = YES;
				GCC_OPTIMIZATION_LEVEL = 0;
				GCC_PREPROCESSOR_DEFINITIONS = (
					"DEBUG=1",
					"$(inherited)",
				);
				GCC_WARN_64_TO_32_BIT_CONVERSION = YES;
				GCC_WARN_ABOUT_RETURN_TYPE = YES_ERROR;
				GCC_WARN_UNDECLARED_SELECTOR = YES;
				GCC_WARN_UNINITIALIZED_AUTOS = YES_AGGRESSIVE;
				GCC_WARN_UNUSED_FUNCTION = YES;
				GCC_WARN_UNUSED_VARIABLE = YES;
				IPHONEOS_DEPLOYMENT_TARGET = 14.0;
				MTL_ENABLE_DEBUG_INFO = INCLUDE_SOURCE;
				MTL_FAST_MATH = YES;
				ONLY_ACTIVE_ARCH = YES;
				SDKROOT = iphoneos;
				SWIFT_ACTIVE_COMPILATION_CONDITIONS = DEBUG;
				SWIFT_OPTIMIZATION_LEVEL = "-Onone";
			};
			name = Debug;
		};
		CEEBCC8E29C089D000231FE8 /* Release */ = {
			isa = XCBuildConfiguration;
			buildSettings = {
				ALWAYS_SEARCH_USER_PATHS = NO;
				CLANG_ANALYZER_NONNULL = YES;
				CLANG_ANALYZER_NUMBER_OBJECT_CONVERSION = YES_AGGRESSIVE;
				CLANG_CXX_LANGUAGE_STANDARD = "gnu++20";
				CLANG_ENABLE_MODULES = YES;
				CLANG_ENABLE_OBJC_ARC = YES;
				CLANG_ENABLE_OBJC_WEAK = YES;
				CLANG_WARN_BLOCK_CAPTURE_AUTORELEASING = YES;
				CLANG_WARN_BOOL_CONVERSION = YES;
				CLANG_WARN_COMMA = YES;
				CLANG_WARN_CONSTANT_CONVERSION = YES;
				CLANG_WARN_DEPRECATED_OBJC_IMPLEMENTATIONS = YES;
				CLANG_WARN_DIRECT_OBJC_ISA_USAGE = YES_ERROR;
				CLANG_WARN_DOCUMENTATION_COMMENTS = YES;
				CLANG_WARN_EMPTY_BODY = YES;
				CLANG_WARN_ENUM_CONVERSION = YES;
				CLANG_WARN_INFINITE_RECURSION = YES;
				CLANG_WARN_INT_CONVERSION = YES;
				CLANG_WARN_NON_LITERAL_NULL_CONVERSION = YES;
				CLANG_WARN_OBJC_IMPLICIT_RETAIN_SELF = YES;
				CLANG_WARN_OBJC_LITERAL_CONVERSION = YES;
				CLANG_WARN_OBJC_ROOT_CLASS = YES_ERROR;
				CLANG_WARN_QUOTED_INCLUDE_IN_FRAMEWORK_HEADER = YES;
				CLANG_WARN_RANGE_LOOP_ANALYSIS = YES;
				CLANG_WARN_STRICT_PROTOTYPES = YES;
				CLANG_WARN_SUSPICIOUS_MOVE = YES;
				CLANG_WARN_UNGUARDED_AVAILABILITY = YES_AGGRESSIVE;
				CLANG_WARN_UNREACHABLE_CODE = YES;
				CLANG_WARN__DUPLICATE_METHOD_MATCH = YES;
				COPY_PHASE_STRIP = NO;
				DEBUG_INFORMATION_FORMAT = "dwarf-with-dsym";
				ENABLE_NS_ASSERTIONS = NO;
				ENABLE_STRICT_OBJC_MSGSEND = YES;
				GCC_C_LANGUAGE_STANDARD = gnu11;
				GCC_NO_COMMON_BLOCKS = YES;
				GCC_WARN_64_TO_32_BIT_CONVERSION = YES;
				GCC_WARN_ABOUT_RETURN_TYPE = YES_ERROR;
				GCC_WARN_UNDECLARED_SELECTOR = YES;
				GCC_WARN_UNINITIALIZED_AUTOS = YES_AGGRESSIVE;
				GCC_WARN_UNUSED_FUNCTION = YES;
				GCC_WARN_UNUSED_VARIABLE = YES;
				IPHONEOS_DEPLOYMENT_TARGET = 14.0;
				MTL_ENABLE_DEBUG_INFO = NO;
				MTL_FAST_MATH = YES;
				SDKROOT = iphoneos;
				SWIFT_COMPILATION_MODE = wholemodule;
				SWIFT_OPTIMIZATION_LEVEL = "-O";
				VALIDATE_PRODUCT = YES;
			};
			name = Release;
		};
		CEEBCC9029C089D000231FE8 /* Debug */ = {
			isa = XCBuildConfiguration;
			buildSettings = {
				ASSETCATALOG_COMPILER_APPICON_NAME = AppIcon;
				ASSETCATALOG_COMPILER_GLOBAL_ACCENT_COLOR_NAME = AccentColor;
				CODE_SIGN_STYLE = Automatic;
				CURRENT_PROJECT_VERSION = 1;
				DEVELOPMENT_TEAM = AR23ZCHW2B;
				GENERATE_INFOPLIST_FILE = YES;
				INFOPLIST_FILE = GetContacts/Info.plist;
				INFOPLIST_KEY_UIApplicationSupportsIndirectInputEvents = YES;
				INFOPLIST_KEY_UILaunchStoryboardName = LaunchScreen;
				INFOPLIST_KEY_UIMainStoryboardFile = Main;
				INFOPLIST_KEY_UISupportedInterfaceOrientations_iPad = "UIInterfaceOrientationPortrait UIInterfaceOrientationPortraitUpsideDown UIInterfaceOrientationLandscapeLeft UIInterfaceOrientationLandscapeRight";
				INFOPLIST_KEY_UISupportedInterfaceOrientations_iPhone = "UIInterfaceOrientationPortrait UIInterfaceOrientationLandscapeLeft UIInterfaceOrientationLandscapeRight";
				LD_RUNPATH_SEARCH_PATHS = (
					"$(inherited)",
					"@executable_path/Frameworks",
				);
				MARKETING_VERSION = 1.0;
				PRODUCT_BUNDLE_IDENTIFIER = seller.beeda.com.GetContacts;
				PRODUCT_NAME = "$(TARGET_NAME)";
				SWIFT_EMIT_LOC_STRINGS = YES;
				SWIFT_VERSION = 5.0;
				TARGETED_DEVICE_FAMILY = "1,2";
			};
			name = Debug;
		};
		CEEBCC9129C089D000231FE8 /* Release */ = {
			isa = XCBuildConfiguration;
			buildSettings = {
				ASSETCATALOG_COMPILER_APPICON_NAME = AppIcon;
				ASSETCATALOG_COMPILER_GLOBAL_ACCENT_COLOR_NAME = AccentColor;
				CODE_SIGN_STYLE = Automatic;
				CURRENT_PROJECT_VERSION = 1;
				DEVELOPMENT_TEAM = AR23ZCHW2B;
				GENERATE_INFOPLIST_FILE = YES;
				INFOPLIST_FILE = GetContacts/Info.plist;
				INFOPLIST_KEY_UIApplicationSupportsIndirectInputEvents = YES;
				INFOPLIST_KEY_UILaunchStoryboardName = LaunchScreen;
				INFOPLIST_KEY_UIMainStoryboardFile = Main;
				INFOPLIST_KEY_UISupportedInterfaceOrientations_iPad = "UIInterfaceOrientationPortrait UIInterfaceOrientationPortraitUpsideDown UIInterfaceOrientationLandscapeLeft UIInterfaceOrientationLandscapeRight";
				INFOPLIST_KEY_UISupportedInterfaceOrientations_iPhone = "UIInterfaceOrientationPortrait UIInterfaceOrientationLandscapeLeft UIInterfaceOrientationLandscapeRight";
				LD_RUNPATH_SEARCH_PATHS = (
					"$(inherited)",
					"@executable_path/Frameworks",
				);
				MARKETING_VERSION = 1.0;
				PRODUCT_BUNDLE_IDENTIFIER = seller.beeda.com.GetContacts;
				PRODUCT_NAME = "$(TARGET_NAME)";
				SWIFT_EMIT_LOC_STRINGS = YES;
				SWIFT_VERSION = 5.0;
				TARGETED_DEVICE_FAMILY = "1,2";
			};
			name = Release;
		};
/* End XCBuildConfiguration section */

/* Begin XCConfigurationList section */
		CEEBCC7629C089CF00231FE8 /* Build configuration list for PBXProject "GetContacts" */ = {
			isa = XCConfigurationList;
			buildConfigurations = (
				CEEBCC8D29C089D000231FE8 /* Debug */,
				CEEBCC8E29C089D000231FE8 /* Release */,
			);
			defaultConfigurationIsVisible = 0;
			defaultConfigurationName = Release;
		};
		CEEBCC8F29C089D000231FE8 /* Build configuration list for PBXNativeTarget "GetContacts" */ = {
			isa = XCConfigurationList;
			buildConfigurations = (
				CEEBCC9029C089D000231FE8 /* Debug */,
				CEEBCC9129C089D000231FE8 /* Release */,
			);
			defaultConfigurationIsVisible = 0;
			defaultConfigurationName = Release;
		};
/* End XCConfigurationList section */
	};
	rootObject = CEEBCC7329C089CF00231FE8 /* Project object */;
}
